
Microsoft Visual Studio Solution File, Format Version 12.00
# Visual Studio 15
VisualStudioVersion = 15.0.28307.329
MinimumVisualStudioVersion = 10.0.40219.1
Project("{9A19103F-16F7-4668-BE54-9A1E7A4F7556}") = "LakewoodScoopScraper.Data", "LakewoodScoopScraper\LakewoodScoopScraper.Data.csproj", "{312D677A-424F-4C58-AE19-77F8FF4F8339}"
EndProject
Global
	GlobalSection(SolutionConfigurationPlatforms) = preSolution
		Debug|Any CPU = Debug|Any CPU
		Release|Any CPU = Release|Any CPU
	EndGlobalSection
	GlobalSection(ProjectConfigurationPlatforms) = postSolution
		{312D677A-424F-4C58-AE19-77F8FF4F8339}.Debug|Any CPU.ActiveCfg = Debug|Any CPU
		{312D677A-424F-4C58-AE19-77F8FF4F8339}.Debug|Any CPU.Build.0 = Debug|Any CPU
		{312D677A-424F-4C58-AE19-77F8FF4F8339}.Release|Any CPU.ActiveCfg = Release|Any CPU
		{312D677A-424F-4C58-AE19-77F8FF4F8339}.Release|Any CPU.Build.0 = Release|Any CPU
	EndGlobalSection
	GlobalSection(SolutionProperties) = preSolution
		HideSolutionNode = FALSE
	EndGlobalSection
	GlobalSection(ExtensibilityGlobals) = postSolution
		SolutionGuid = {37B72A21-C2A7-4730-AF98-2A6F6C780B5B}
	EndGlobalSection
EndGlobal
